<?xml version="1.0" encoding="utf-8"?>
<Project ToolsVersion="4.0" xmlns="http://schemas.microsoft.com/developer/msbuild/2003">
  <ItemGroup>
    <Filter Include="Source Files">
      <UniqueIdentifier>{4FC737F1-C7A5-4376-A066-2A32D752A2FF}</UniqueIdentifier>
      <Extensions>cpp;c;cc;cxx;c++;def;odl;idl;hpj;bat;asm;asmx</Extensions>
    </Filter>
    <Filter Include="Header Files">
      <UniqueIdentifier>{93995380-89BD-4b04-88EB-625FBE52EBFB}</UniqueIdentifier>
      <Extensions>h;hh;hpp;hxx;h++;hm;inl;inc;ipp;xsd</Extensions>
    </Filter>
    <Filter Include="Resource Files">
      <UniqueIdentifier>{67DA6AB6-F800-4c08-8B7A-83BB121AAD01}</UniqueIdentifier>
      <Extensions>rc;ico;cur;bmp;dlg;rc2;rct;bin;rgs;gif;jpg;jpeg;jpe;resx;tiff;tif;png;wav;mfcribbon-ms</Extensions>
    </Filter>
    <Filter Include="Resource Files\SDL2_mixer">
      <UniqueIdentifier>{04f64f4f-8a93-4da2-a4ce-4c830e819b73}</UniqueIdentifier>
    </Filter>
    <Filter Include="Resource Files\SDL2_mixer\include">
      <UniqueIdentifier>{0a0343fc-e71c-4b0e-a1e4-7db05cb6a5da}</UniqueIdentifier>
    </Filter>
    <Filter Include="Resource Files\SDL2_mixer\lib">
      <UniqueIdentifier>{ee531e7a-02e1-4fe5-8589-c4079b9abc4d}</UniqueIdentifier>
    </Filter>
    <Filter Include="Resource Files\SDL2_image">
      <UniqueIdentifier>{2d7f25c2-6e23-43f2-a295-3d44b5217dc5}</UniqueIdentifier>
    </Filter>
    <Filter Include="Resource Files\SDL2_image\include">
      <UniqueIdentifier>{9bb8dba9-18b2-4abc-824f-99782803d153}</UniqueIdentifier>
    </Filter>
    <Filter Include="Resource Files\SDL2_image\lib">
      <UniqueIdentifier>{9dfe893d-e5fc-4f2e-a239-fffb0f6ee401}</UniqueIdentifier>
    </Filter>
    <Filter Include="Resource Files\SDL2">
      <UniqueIdentifier>{71e2cd0f-b274-47de-a8e8-8d0f7ce06186}</UniqueIdentifier>
    </Filter>
    <Filter Include="Resource Files\SDL2\include">
      <UniqueIdentifier>{78240b97-d79a-4667-9551-6cd5a644db5a}</UniqueIdentifier>
    </Filter>
    <Filter Include="Resource Files\SDL2\lib">
      <UniqueIdentifier>{ee6ff54b-8745-4dca-b044-4e184406c65e}</UniqueIdentifier>
    </Filter>
    <Filter Include="Resource Files\Gitignores">
      <UniqueIdentifier>{49fd8d6a-6534-4d02-8814-65c0c97e2ca0}</UniqueIdentifier>
    </Filter>
  </ItemGroup>
  <ItemGroup>
    <CopyFileToFolders Include="SDL2\lib\x86\SDL2.dll">
      <Filter>Resource Files\SDL2\lib</Filter>
    </CopyFileToFolders>
    <CopyFileToFolders Include="SDL2\lib\x64\SDL2.dll">
      <Filter>Resource Files\SDL2\lib</Filter>
    </CopyFileToFolders>
    <CopyFileToFolders Include="SDL2_image\lib\x86\zlib1.dll">
      <Filter>Resource Files\SDL2_image\lib</Filter>
    </CopyFileToFolders>
    <CopyFileToFolders Include="SDL2_image\lib\x86\libjpeg-9.dll">
      <Filter>Resource Files\SDL2_image\lib</Filter>
    </CopyFileToFolders>
    <CopyFileToFolders Include="SDL2_image\lib\x64\libjpeg-9.dll">
      <Filter>Resource Files\SDL2_image\lib</Filter>
    </CopyFileToFolders>
    <CopyFileToFolders Include="SDL2_image\lib\x86\libpng16-16.dll">
      <Filter>Resource Files\SDL2_image\lib</Filter>
    </CopyFileToFolders>
    <CopyFileToFolders Include="SDL2_image\lib\x64\libpng16-16.dll">
      <Filter>Resource Files\SDL2_image\lib</Filter>
    </CopyFileToFolders>
    <CopyFileToFolders Include="SDL2_image\lib\x86\libtiff-5.dll">
      <Filter>Resource Files\SDL2_image\lib</Filter>
    </CopyFileToFolders>
    <CopyFileToFolders Include="SDL2_image\lib\x64\libtiff-5.dll">
      <Filter>Resource Files\SDL2_image\lib</Filter>
    </CopyFileToFolders>
    <CopyFileToFolders Include="SDL2_image\lib\x86\libwebp-7.dll">
      <Filter>Resource Files\SDL2_image\lib</Filter>
    </CopyFileToFolders>
    <CopyFileToFolders Include="SDL2_image\lib\x64\libwebp-7.dll">
      <Filter>Resource Files\SDL2_image\lib</Filter>
    </CopyFileToFolders>
    <CopyFileToFolders Include="SDL2_image\lib\x86\SDL2_image.dll">
      <Filter>Resource Files\SDL2_image\lib</Filter>
    </CopyFileToFolders>
    <CopyFileToFolders Include="SDL2_image\lib\x64\SDL2_image.dll">
      <Filter>Resource Files\SDL2_image\lib</Filter>
    </CopyFileToFolders>
    <CopyFileToFolders Include="SDL2_image\lib\x64\zlib1.dll">
      <Filter>Resource Files\SDL2_image\lib</Filter>
    </CopyFileToFolders>
    <CopyFileToFolders Include="SDL2_mixer\lib\x86\SDL2_mixer.dll">
      <Filter>Resource Files\SDL2_mixer\lib</Filter>
    </CopyFileToFolders>
    <CopyFileToFolders Include="SDL2_mixer\lib\x86\libFLAC-8.dll">
      <Filter>Resource Files\SDL2_mixer\lib</Filter>
    </CopyFileToFolders>
    <CopyFileToFolders Include="SDL2_mixer\lib\x64\libFLAC-8.dll">
      <Filter>Resource Files\SDL2_mixer\lib</Filter>
    </CopyFileToFolders>
    <CopyFileToFolders Include="SDL2_mixer\lib\x86\libmodplug-1.dll">
      <Filter>Resource Files\SDL2_mixer\lib</Filter>
    </CopyFileToFolders>
    <CopyFileToFolders Include="SDL2_mixer\lib\x64\libmodplug-1.dll">
      <Filter>Resource Files\SDL2_mixer\lib</Filter>
    </CopyFileToFolders>
    <CopyFileToFolders Include="SDL2_mixer\lib\x86\libmpg123-0.dll">
      <Filter>Resource Files\SDL2_mixer\lib</Filter>
    </CopyFileToFolders>
    <CopyFileToFolders Include="SDL2_mixer\lib\x64\libmpg123-0.dll">
      <Filter>Resource Files\SDL2_mixer\lib</Filter>
    </CopyFileToFolders>
    <CopyFileToFolders Include="SDL2_mixer\lib\x86\libogg-0.dll">
      <Filter>Resource Files\SDL2_mixer\lib</Filter>
    </CopyFileToFolders>
    <CopyFileToFolders Include="SDL2_mixer\lib\x64\libogg-0.dll">
      <Filter>Resource Files\SDL2_mixer\lib</Filter>
    </CopyFileToFolders>
    <CopyFileToFolders Include="SDL2_mixer\lib\x86\libopus-0.dll">
      <Filter>Resource Files\SDL2_mixer\lib</Filter>
    </CopyFileToFolders>
    <CopyFileToFolders Include="SDL2_mixer\lib\x64\libopus-0.dll">
      <Filter>Resource Files\SDL2_mixer\lib</Filter>
    </CopyFileToFolders>
    <CopyFileToFolders Include="SDL2_mixer\lib\x86\libopusfile-0.dll">
      <Filter>Resource Files\SDL2_mixer\lib</Filter>
    </CopyFileToFolders>
    <CopyFileToFolders Include="SDL2_mixer\lib\x64\libopusfile-0.dll">
      <Filter>Resource Files\SDL2_mixer\lib</Filter>
    </CopyFileToFolders>
    <CopyFileToFolders Include="SDL2_mixer\lib\x86\libvorbis-0.dll">
      <Filter>Resource Files\SDL2_mixer\lib</Filter>
    </CopyFileToFolders>
    <CopyFileToFolders Include="SDL2_mixer\lib\x64\libvorbis-0.dll">
      <Filter>Resource Files\SDL2_mixer\lib</Filter>
    </CopyFileToFolders>
    <CopyFileToFolders Include="SDL2_mixer\lib\x86\libvorbisfile-3.dll">
      <Filter>Resource Files\SDL2_mixer\lib</Filter>
    </CopyFileToFolders>
    <CopyFileToFolders Include="SDL2_mixer\lib\x64\libvorbisfile-3.dll">
      <Filter>Resource Files\SDL2_mixer\lib</Filter>
    </CopyFileToFolders>
    <CopyFileToFolders Include="SDL2_mixer\lib\x64\SDL2_mixer.dll">
      <Filter>Resource Files\SDL2_mixer\lib</Filter>
    </CopyFileToFolders>
  </ItemGroup>
  <ItemGroup>
    <ClCompile Include="Source.cpp">
      <Filter>Source Files</Filter>
    </ClCompile>
    <ClCompile Include="AbstractedAccess.cpp">
      <Filter>Source Files</Filter>
    </ClCompile>
  </ItemGroup>
  <ItemGroup>
    <ClInclude Include="SDL2\include\begin_code.h">
      <Filter>Resource Files\SDL2\include</Filter>
    </ClInclude>
    <ClInclude Include="SDL2\include\close_code.h">
      <Filter>Resource Files\SDL2\include</Filter>
    </ClInclude>
    <ClInclude Include="SDL2\include\SDL.h">
      <Filter>Resource Files\SDL2\include</Filter>
    </ClInclude>
    <ClInclude Include="SDL2\include\SDL_assert.h">
      <Filter>Resource Files\SDL2\include</Filter>
    </ClInclude>
    <ClInclude Include="SDL2\include\SDL_atomic.h">
      <Filter>Resource Files\SDL2\include</Filter>
    </ClInclude>
    <ClInclude Include="SDL2\include\SDL_audio.h">
      <Filter>Resource Files\SDL2\include</Filter>
    </ClInclude>
    <ClInclude Include="SDL2\include\SDL_bits.h">
      <Filter>Resource Files\SDL2\include</Filter>
    </ClInclude>
    <ClInclude Include="SDL2\include\SDL_blendmode.h">
      <Filter>Resource Files\SDL2\include</Filter>
    </ClInclude>
    <ClInclude Include="SDL2\include\SDL_clipboard.h">
      <Filter>Resource Files\SDL2\include</Filter>
    </ClInclude>
    <ClInclude Include="SDL2\include\SDL_config.h">
      <Filter>Resource Files\SDL2\include</Filter>
    </ClInclude>
    <ClInclude Include="SDL2\include\SDL_config_android.h">
      <Filter>Resource Files\SDL2\include</Filter>
    </ClInclude>
    <ClInclude Include="SDL2\include\SDL_config_iphoneos.h">
      <Filter>Resource Files\SDL2\include</Filter>
    </ClInclude>
    <ClInclude Include="SDL2\include\SDL_config_macosx.h">
      <Filter>Resource Files\SDL2\include</Filter>
    </ClInclude>
    <ClInclude Include="SDL2\include\SDL_config_minimal.h">
      <Filter>Resource Files\SDL2\include</Filter>
    </ClInclude>
    <ClInclude Include="SDL2\include\SDL_config_pandora.h">
      <Filter>Resource Files\SDL2\include</Filter>
    </ClInclude>
    <ClInclude Include="SDL2\include\SDL_config_psp.h">
      <Filter>Resource Files\SDL2\include</Filter>
    </ClInclude>
    <ClInclude Include="SDL2\include\SDL_config_windows.h">
      <Filter>Resource Files\SDL2\include</Filter>
    </ClInclude>
    <ClInclude Include="SDL2\include\SDL_config_winrt.h">
      <Filter>Resource Files\SDL2\include</Filter>
    </ClInclude>
    <ClInclude Include="SDL2\include\SDL_config_wiz.h">
      <Filter>Resource Files\SDL2\include</Filter>
    </ClInclude>
    <ClInclude Include="SDL2\include\SDL_copying.h">
      <Filter>Resource Files\SDL2\include</Filter>
    </ClInclude>
    <ClInclude Include="SDL2\include\SDL_cpuinfo.h">
      <Filter>Resource Files\SDL2\include</Filter>
    </ClInclude>
    <ClInclude Include="SDL2\include\SDL_egl.h">
      <Filter>Resource Files\SDL2\include</Filter>
    </ClInclude>
    <ClInclude Include="SDL2\include\SDL_endian.h">
      <Filter>Resource Files\SDL2\include</Filter>
    </ClInclude>
    <ClInclude Include="SDL2\include\SDL_error.h">
      <Filter>Resource Files\SDL2\include</Filter>
    </ClInclude>
    <ClInclude Include="SDL2\include\SDL_events.h">
      <Filter>Resource Files\SDL2\include</Filter>
    </ClInclude>
    <ClInclude Include="SDL2\include\SDL_filesystem.h">
      <Filter>Resource Files\SDL2\include</Filter>
    </ClInclude>
    <ClInclude Include="SDL2\include\SDL_gamecontroller.h">
      <Filter>Resource Files\SDL2\include</Filter>
    </ClInclude>
    <ClInclude Include="SDL2\include\SDL_gesture.h">
      <Filter>Resource Files\SDL2\include</Filter>
    </ClInclude>
    <ClInclude Include="SDL2\include\SDL_haptic.h">
      <Filter>Resource Files\SDL2\include</Filter>
    </ClInclude>
    <ClInclude Include="SDL2\include\SDL_hints.h">
      <Filter>Resource Files\SDL2\include</Filter>
    </ClInclude>
    <ClInclude Include="SDL2\include\SDL_joystick.h">
      <Filter>Resource Files\SDL2\include</Filter>
    </ClInclude>
    <ClInclude Include="SDL2\include\SDL_keyboard.h">
      <Filter>Resource Files\SDL2\include</Filter>
    </ClInclude>
    <ClInclude Include="SDL2\include\SDL_keycode.h">
      <Filter>Resource Files\SDL2\include</Filter>
    </ClInclude>
    <ClInclude Include="SDL2\include\SDL_loadso.h">
      <Filter>Resource Files\SDL2\include</Filter>
    </ClInclude>
    <ClInclude Include="SDL2\include\SDL_log.h">
      <Filter>Resource Files\SDL2\include</Filter>
    </ClInclude>
    <ClInclude Include="SDL2\include\SDL_main.h">
      <Filter>Resource Files\SDL2\include</Filter>
    </ClInclude>
    <ClInclude Include="SDL2\include\SDL_messagebox.h">
      <Filter>Resource Files\SDL2\include</Filter>
    </ClInclude>
    <ClInclude Include="SDL2\include\SDL_metal.h">
      <Filter>Resource Files\SDL2\include</Filter>
    </ClInclude>
    <ClInclude Include="SDL2\include\SDL_mouse.h">
      <Filter>Resource Files\SDL2\include</Filter>
    </ClInclude>
    <ClInclude Include="SDL2\include\SDL_mutex.h">
      <Filter>Resource Files\SDL2\include</Filter>
    </ClInclude>
    <ClInclude Include="SDL2\include\SDL_name.h">
      <Filter>Resource Files\SDL2\include</Filter>
    </ClInclude>
    <ClInclude Include="SDL2\include\SDL_opengl.h">
      <Filter>Resource Files\SDL2\include</Filter>
    </ClInclude>
    <ClInclude Include="SDL2\include\SDL_opengl_glext.h">
      <Filter>Resource Files\SDL2\include</Filter>
    </ClInclude>
    <ClInclude Include="SDL2\include\SDL_opengles.h">
      <Filter>Resource Files\SDL2\include</Filter>
    </ClInclude>
    <ClInclude Include="SDL2\include\SDL_opengles2.h">
      <Filter>Resource Files\SDL2\include</Filter>
    </ClInclude>
    <ClInclude Include="SDL2\include\SDL_opengles2_gl2.h">
      <Filter>Resource Files\SDL2\include</Filter>
    </ClInclude>
    <ClInclude Include="SDL2\include\SDL_opengles2_gl2ext.h">
      <Filter>Resource Files\SDL2\include</Filter>
    </ClInclude>
    <ClInclude Include="SDL2\include\SDL_opengles2_gl2platform.h">
      <Filter>Resource Files\SDL2\include</Filter>
    </ClInclude>
    <ClInclude Include="SDL2\include\SDL_opengles2_khrplatform.h">
      <Filter>Resource Files\SDL2\include</Filter>
    </ClInclude>
    <ClInclude Include="SDL2\include\SDL_pixels.h">
      <Filter>Resource Files\SDL2\include</Filter>
    </ClInclude>
    <ClInclude Include="SDL2\include\SDL_platform.h">
      <Filter>Resource Files\SDL2\include</Filter>
    </ClInclude>
    <ClInclude Include="SDL2\include\SDL_power.h">
      <Filter>Resource Files\SDL2\include</Filter>
    </ClInclude>
    <ClInclude Include="SDL2\include\SDL_quit.h">
      <Filter>Resource Files\SDL2\include</Filter>
    </ClInclude>
    <ClInclude Include="SDL2\include\SDL_rect.h">
      <Filter>Resource Files\SDL2\include</Filter>
    </ClInclude>
    <ClInclude Include="SDL2\include\SDL_render.h">
      <Filter>Resource Files\SDL2\include</Filter>
    </ClInclude>
    <ClInclude Include="SDL2\include\SDL_revision.h">
      <Filter>Resource Files\SDL2\include</Filter>
    </ClInclude>
    <ClInclude Include="SDL2\include\SDL_rwops.h">
      <Filter>Resource Files\SDL2\include</Filter>
    </ClInclude>
    <ClInclude Include="SDL2\include\SDL_scancode.h">
      <Filter>Resource Files\SDL2\include</Filter>
    </ClInclude>
    <ClInclude Include="SDL2\include\SDL_sensor.h">
      <Filter>Resource Files\SDL2\include</Filter>
    </ClInclude>
    <ClInclude Include="SDL2\include\SDL_shape.h">
      <Filter>Resource Files\SDL2\include</Filter>
    </ClInclude>
    <ClInclude Include="SDL2\include\SDL_stdinc.h">
      <Filter>Resource Files\SDL2\include</Filter>
    </ClInclude>
    <ClInclude Include="SDL2\include\SDL_surface.h">
      <Filter>Resource Files\SDL2\include</Filter>
    </ClInclude>
    <ClInclude Include="SDL2\include\SDL_system.h">
      <Filter>Resource Files\SDL2\include</Filter>
    </ClInclude>
    <ClInclude Include="SDL2\include\SDL_syswm.h">
      <Filter>Resource Files\SDL2\include</Filter>
    </ClInclude>
    <ClInclude Include="SDL2\include\SDL_test.h">
      <Filter>Resource Files\SDL2\include</Filter>
    </ClInclude>
    <ClInclude Include="SDL2\include\SDL_test_assert.h">
      <Filter>Resource Files\SDL2\include</Filter>
    </ClInclude>
    <ClInclude Include="SDL2\include\SDL_test_common.h">
      <Filter>Resource Files\SDL2\include</Filter>
    </ClInclude>
    <ClInclude Include="SDL2\include\SDL_test_compare.h">
      <Filter>Resource Files\SDL2\include</Filter>
    </ClInclude>
    <ClInclude Include="SDL2\include\SDL_test_crc32.h">
      <Filter>Resource Files\SDL2\include</Filter>
    </ClInclude>
    <ClInclude Include="SDL2\include\SDL_test_font.h">
      <Filter>Resource Files\SDL2\include</Filter>
    </ClInclude>
    <ClInclude Include="SDL2\include\SDL_test_fuzzer.h">
      <Filter>Resource Files\SDL2\include</Filter>
    </ClInclude>
    <ClInclude Include="SDL2\include\SDL_test_harness.h">
      <Filter>Resource Files\SDL2\include</Filter>
    </ClInclude>
    <ClInclude Include="SDL2\include\SDL_test_images.h">
      <Filter>Resource Files\SDL2\include</Filter>
    </ClInclude>
    <ClInclude Include="SDL2\include\SDL_test_log.h">
      <Filter>Resource Files\SDL2\include</Filter>
    </ClInclude>
    <ClInclude Include="SDL2\include\SDL_test_md5.h">
      <Filter>Resource Files\SDL2\include</Filter>
    </ClInclude>
    <ClInclude Include="SDL2\include\SDL_test_memory.h">
      <Filter>Resource Files\SDL2\include</Filter>
    </ClInclude>
    <ClInclude Include="SDL2\include\SDL_test_random.h">
      <Filter>Resource Files\SDL2\include</Filter>
    </ClInclude>
    <ClInclude Include="SDL2\include\SDL_thread.h">
      <Filter>Resource Files\SDL2\include</Filter>
    </ClInclude>
    <ClInclude Include="SDL2\include\SDL_timer.h">
      <Filter>Resource Files\SDL2\include</Filter>
    </ClInclude>
    <ClInclude Include="SDL2\include\SDL_touch.h">
      <Filter>Resource Files\SDL2\include</Filter>
    </ClInclude>
    <ClInclude Include="SDL2\include\SDL_types.h">
      <Filter>Resource Files\SDL2\include</Filter>
    </ClInclude>
    <ClInclude Include="SDL2\include\SDL_version.h">
      <Filter>Resource Files\SDL2\include</Filter>
    </ClInclude>
    <ClInclude Include="SDL2\include\SDL_video.h">
      <Filter>Resource Files\SDL2\include</Filter>
    </ClInclude>
    <ClInclude Include="SDL2\include\SDL_vulkan.h">
      <Filter>Resource Files\SDL2\include</Filter>
    </ClInclude>
    <ClInclude Include="SDL2_image\include\SDL_image.h">
      <Filter>Resource Files\SDL2_image\include</Filter>
    </ClInclude>
    <ClInclude Include="SDL2_mixer\include\SDL_mixer.h">
      <Filter>Resource Files\SDL2_mixer\include</Filter>
    </ClInclude>
    <ClInclude Include="Generic.h">
      <Filter>Header Files</Filter>
    </ClInclude>
    <ClInclude Include="AbstractedAccess.h">
      <Filter>Header Files</Filter>
    </ClInclude>
    <ClInclude Include="resource.h">
      <Filter>Header Files</Filter>
    </ClInclude>
    <ClInclude Include="bark.hpp">
      <Filter>Header Files</Filter>
    </ClInclude>
    <ClInclude Include="SDLG.h">
      <Filter>Header Files</Filter>
    </ClInclude>
  </ItemGroup>
  <ItemGroup>
    <None Include="SDL2_image\.gitignore">
      <Filter>Resource Files\Gitignores</Filter>
    </None>
    <None Include="SDL2_mixer\lib\x86\.gitignore">
      <Filter>Resource Files\Gitignores</Filter>
    </None>
    <None Include="SDL2_mixer\lib\.gitignore">
      <Filter>Resource Files\Gitignores</Filter>
    </None>
    <None Include="SDL2\lib\x86\.gitignore">
      <Filter>Resource Files\Gitignores</Filter>
    </None>
    <None Include="SDL2_mixer\lib\x64\.gitignore">
      <Filter>Resource Files\Gitignores</Filter>
    </None>
    <None Include="SDL2_mixer\include\.gitignore">
      <Filter>Resource Files\Gitignores</Filter>
    </None>
    <None Include="SDL2\include\.gitignore">
      <Filter>Resource Files\Gitignores</Filter>
    </None>
    <None Include="SDL2\lib\x64\.gitignore">
      <Filter>Resource Files\Gitignores</Filter>
    </None>
    <None Include="SDL2_mixer\.gitignore">
      <Filter>Resource Files\Gitignores</Filter>
    </None>
    <None Include="SDL2\lib\.gitignore">
      <Filter>Resource Files\Gitignores</Filter>
    </None>
    <None Include="SDL2\.gitignore">
      <Filter>Resource Files\Gitignores</Filter>
    </None>
    <None Include="SDL2_image\include\.gitignore">
      <Filter>Resource Files\Gitignores</Filter>
    </None>
    <None Include="SDL2_image\lib\x64\.gitignore">
      <Filter>Resource Files\Gitignores</Filter>
    </None>
    <None Include="SDL2_image\lib\x86\.gitignore">
      <Filter>Resource Files\Gitignores</Filter>
    </None>
    <None Include="SDL2_image\lib\.gitignore">
      <Filter>Resource Files\Gitignores</Filter>
    </None>
  </ItemGroup>
  <ItemGroup>
    <Library Include="SDL2\lib\x64\SDL2.lib">
      <Filter>Resource Files\SDL2\lib</Filter>
    </Library>
    <Library Include="SDL2\lib\x86\SDL2.lib">
      <Filter>Resource Files\SDL2\lib</Filter>
    </Library>
    <Library Include="SDL2\lib\x64\SDL2main.lib">
      <Filter>Resource Files\SDL2\lib</Filter>
    </Library>
    <Library Include="SDL2\lib\x86\SDL2main.lib">
      <Filter>Resource Files\SDL2\lib</Filter>
    </Library>
    <Library Include="SDL2\lib\x86\SDL2test.lib">
      <Filter>Resource Files\SDL2\lib</Filter>
    </Library>
    <Library Include="SDL2\lib\x64\SDL2test.lib">
      <Filter>Resource Files\SDL2\lib</Filter>
    </Library>
    <Library Include="SDL2_image\lib\x64\SDL2_image.lib">
      <Filter>Resource Files\SDL2_image\lib</Filter>
    </Library>
    <Library Include="SDL2_image\lib\x86\SDL2_image.lib">
      <Filter>Resource Files\SDL2_image\lib</Filter>
    </Library>
    <Library Include="SDL2_mixer\lib\x64\SDL2_mixer.lib">
      <Filter>Resource Files\SDL2_mixer\lib</Filter>
    </Library>
    <Library Include="SDL2_mixer\lib\x86\SDL2_mixer.lib">
      <Filter>Resource Files\SDL2_mixer\lib</Filter>
    </Library>
  </ItemGroup>
  <ItemGroup>
    <Image Include="Toby.ico">
      <Filter>Resource Files</Filter>
    </Image>
  </ItemGroup>
  <ItemGroup>
    <ResourceCompile Include="Toby.rc">
      <Filter>Resource Files</Filter>
    </ResourceCompile>
  </ItemGroup>
</Project>